
Microsoft Visual Studio Solution File, Format Version 12.00
# Visual Studio 15
VisualStudioVersion = 15.0.26730.12
MinimumVisualStudioVersion = 10.0.40219.1
Project("{FAE04EC0-301F-11D3-BF4B-00C04F79EFBC}") = "gittest", "gittest\gittest.csproj", "{118AA2CB-4BC1-4C4E-BDC2-341BA8ECE5FD}"
EndProject
Global
	GlobalSection(SolutionConfigurationPlatforms) = preSolution
		Debug|Any CPU = Debug|Any CPU
		Release|Any CPU = Release|Any CPU
	EndGlobalSection
	GlobalSection(ProjectConfigurationPlatforms) = postSolution
		{118AA2CB-4BC1-4C4E-BDC2-341BA8ECE5FD}.Debug|Any CPU.ActiveCfg = Debug|Any CPU
		{118AA2CB-4BC1-4C4E-BDC2-341BA8ECE5FD}.Debug|Any CPU.Build.0 = Debug|Any CPU
		{118AA2CB-4BC1-4C4E-BDC2-341BA8ECE5FD}.Release|Any CPU.ActiveCfg = Release|Any CPU
		{118AA2CB-4BC1-4C4E-BDC2-341BA8ECE5FD}.Release|Any CPU.Build.0 = Release|Any CPU
	EndGlobalSection
	GlobalSection(SolutionProperties) = preSolution
		HideSolutionNode = FALSE
	EndGlobalSection
	GlobalSection(ExtensibilityGlobals) = postSolution
		SolutionGuid = {48A611C2-F11F-4A79-B7AF-D64FDA0D776A}
	EndGlobalSection
EndGlobal
